// !$*UTF8*$!
{
	archiveVersion = 1;
	classes = {
	};
	objectVersion = 56;
	objects = {

/* Begin PBXBuildFile section */
		10972AAF2ACB61FA00F4563A /* The_Trip_ConsultantApp.swift in Sources */ = {isa = PBXBuildFile; fileRef = 10972AAE2ACB61FA00F4563A /* The_Trip_ConsultantApp.swift */; };
		10972AB12ACB61FA00F4563A /* ContentView.swift in Sources */ = {isa = PBXBuildFile; fileRef = 10972AB02ACB61FA00F4563A /* ContentView.swift */; };
		10972AB32ACB61FB00F4563A /* Assets.xcassets in Resources */ = {isa = PBXBuildFile; fileRef = 10972AB22ACB61FB00F4563A /* Assets.xcassets */; };
		10972AB72ACB61FB00F4563A /* Preview Assets.xcassets in Resources */ = {isa = PBXBuildFile; fileRef = 10972AB62ACB61FB00F4563A /* Preview Assets.xcassets */; };
		10972AC12ACB61FB00F4563A /* The_Trip_ConsultantTests.swift in Sources */ = {isa = PBXBuildFile; fileRef = 10972AC02ACB61FB00F4563A /* The_Trip_ConsultantTests.swift */; };
		10972ACB2ACB61FB00F4563A /* The_Trip_ConsultantUITests.swift in Sources */ = {isa = PBXBuildFile; fileRef = 10972ACA2ACB61FB00F4563A /* The_Trip_ConsultantUITests.swift */; };
		10972ACD2ACB61FB00F4563A /* The_Trip_ConsultantUITestsLaunchTests.swift in Sources */ = {isa = PBXBuildFile; fileRef = 10972ACC2ACB61FB00F4563A /* The_Trip_ConsultantUITestsLaunchTests.swift */; };
/* End PBXBuildFile section */

/* Begin PBXContainerItemProxy section */
		10972ABD2ACB61FB00F4563A /* PBXContainerItemProxy */ = {
			isa = PBXContainerItemProxy;
			containerPortal = 10972AA32ACB61FA00F4563A /* Project object */;
			proxyType = 1;
			remoteGlobalIDString = 10972AAA2ACB61FA00F4563A;
			remoteInfo = "The Trip Consultant";
		};
		10972AC72ACB61FB00F4563A /* PBXContainerItemProxy */ = {
			isa = PBXContainerItemProxy;
			containerPortal = 10972AA32ACB61FA00F4563A /* Project object */;
			proxyType = 1;
			remoteGlobalIDString = 10972AAA2ACB61FA00F4563A;
			remoteInfo = "The Trip Consultant";
		};
/* End PBXContainerItemProxy section */

/* Begin PBXFileReference section */
		10972AAB2ACB61FA00F4563A /* The Trip Consultant.app */ = {isa = PBXFileReference; explicitFileType = wrapper.application; includeInIndex = 0; path = "The Trip Consultant.app"; sourceTree = BUILT_PRODUCTS_DIR; };
		10972AAE2ACB61FA00F4563A /* The_Trip_ConsultantApp.swift */ = {isa = PBXFileReference; lastKnownFileType = sourcecode.swift; path = The_Trip_ConsultantApp.swift; sourceTree = "<group>"; };
		10972AB02ACB61FA00F4563A /* ContentView.swift */ = {isa = PBXFileReference; lastKnownFileType = sourcecode.swift; path = ContentView.swift; sourceTree = "<group>"; };
		10972AB22ACB61FB00F4563A /* Assets.xcassets */ = {isa = PBXFileReference; lastKnownFileType = folder.assetcatalog; path = Assets.xcassets; sourceTree = "<group>"; };
		10972AB42ACB61FB00F4563A /* The_Trip_Consultant.entitlements */ = {isa = PBXFileReference; lastKnownFileType = text.plist.entitlements; path = The_Trip_Consultant.entitlements; sourceTree = "<group>"; };
		10972AB62ACB61FB00F4563A /* Preview Assets.xcassets */ = {isa = PBXFileReference; lastKnownFileType = folder.assetcatalog; path = "Preview Assets.xcassets"; sourceTree = "<group>"; };
		10972ABC2ACB61FB00F4563A /* The Trip ConsultantTests.xctest */ = {isa = PBXFileReference; explicitFileType = wrapper.cfbundle; includeInIndex = 0; path = "The Trip ConsultantTests.xctest"; sourceTree = BUILT_PRODUCTS_DIR; };
		10972AC02ACB61FB00F4563A /* The_Trip_ConsultantTests.swift */ = {isa = PBXFileReference; lastKnownFileType = sourcecode.swift; path = The_Trip_ConsultantTests.swift; sourceTree = "<group>"; };
		10972AC62ACB61FB00F4563A /* The Trip ConsultantUITests.xctest */ = {isa = PBXFileReference; explicitFileType = wrapper.cfbundle; includeInIndex = 0; path = "The Trip ConsultantUITests.xctest"; sourceTree = BUILT_PRODUCTS_DIR; };
		10972ACA2ACB61FB00F4563A /* The_Trip_ConsultantUITests.swift */ = {isa = PBXFileReference; lastKnownFileType = sourcecode.swift; path = The_Trip_ConsultantUITests.swift; sourceTree = "<group>"; };
		10972ACC2ACB61FB00F4563A /* The_Trip_ConsultantUITestsLaunchTests.swift */ = {isa = PBXFileReference; lastKnownFileType = sourcecode.swift; path = The_Trip_ConsultantUITestsLaunchTests.swift; sourceTree = "<group>"; };
/* End PBXFileReference section */

/* Begin PBXFrameworksBuildPhase section */
		10972AA82ACB61FA00F4563A /* Frameworks */ = {
			isa = PBXFrameworksBuildPhase;
			buildActionMask = 2147483647;
			files = (
			);
			runOnlyForDeploymentPostprocessing = 0;
		};
		10972AB92ACB61FB00F4563A /* Frameworks */ = {
			isa = PBXFrameworksBuildPhase;
			buildActionMask = 2147483647;
			files = (
			);
			runOnlyForDeploymentPostprocessing = 0;
		};
		10972AC32ACB61FB00F4563A /* Frameworks */ = {
			isa = PBXFrameworksBuildPhase;
			buildActionMask = 2147483647;
			files = (
			);
			runOnlyForDeploymentPostprocessing = 0;
		};
/* End PBXFrameworksBuildPhase section */

/* Begin PBXGroup section */
		10972AA22ACB61FA00F4563A = {
			isa = PBXGroup;
			children = (
				10972AAD2ACB61FA00F4563A /* The Trip Consultant */,
				10972ABF2ACB61FB00F4563A /* The Trip ConsultantTests */,
				10972AC92ACB61FB00F4563A /* The Trip ConsultantUITests */,
				10972AAC2ACB61FA00F4563A /* Products */,
			);
			sourceTree = "<group>";
		};
		10972AAC2ACB61FA00F4563A /* Products */ = {
			isa = PBXGroup;
			children = (
				10972AAB2ACB61FA00F4563A /* The Trip Consultant.app */,
				10972ABC2ACB61FB00F4563A /* The Trip ConsultantTests.xctest */,
				10972AC62ACB61FB00F4563A /* The Trip ConsultantUITests.xctest */,
			);
			name = Products;
			sourceTree = "<group>";
		};
		10972AAD2ACB61FA00F4563A /* The Trip Consultant */ = {
			isa = PBXGroup;
			children = (
				10972AAE2ACB61FA00F4563A /* The_Trip_ConsultantApp.swift */,
				10972AB02ACB61FA00F4563A /* ContentView.swift */,
				10972AB22ACB61FB00F4563A /* Assets.xcassets */,
				10972AB42ACB61FB00F4563A /* The_Trip_Consultant.entitlements */,
				10972AB52ACB61FB00F4563A /* Preview Content */,
			);
			path = "The Trip Consultant";
			sourceTree = "<group>";
		};
		10972AB52ACB61FB00F4563A /* Preview Content */ = {
			isa = PBXGroup;
			children = (
				10972AB62ACB61FB00F4563A /* Preview Assets.xcassets */,
			);
			path = "Preview Content";
			sourceTree = "<group>";
		};
		10972ABF2ACB61FB00F4563A /* The Trip ConsultantTests */ = {
			isa = PBXGroup;
			children = (
				10972AC02ACB61FB00F4563A /* The_Trip_ConsultantTests.swift */,
			);
			path = "The Trip ConsultantTests";
			sourceTree = "<group>";
		};
		10972AC92ACB61FB00F4563A /* The Trip ConsultantUITests */ = {
			isa = PBXGroup;
			children = (
				10972ACA2ACB61FB00F4563A /* The_Trip_ConsultantUITests.swift */,
				10972ACC2ACB61FB00F4563A /* The_Trip_ConsultantUITestsLaunchTests.swift */,
			);
			path = "The Trip ConsultantUITests";
			sourceTree = "<group>";
		};
/* End PBXGroup section */

/* Begin PBXNativeTarget section */
		10972AAA2ACB61FA00F4563A /* The Trip Consultant */ = {
			isa = PBXNativeTarget;
			buildConfigurationList = 10972AD02ACB61FB00F4563A /* Build configuration list for PBXNativeTarget "The Trip Consultant" */;
			buildPhases = (
				10972AA72ACB61FA00F4563A /* Sources */,
				10972AA82ACB61FA00F4563A /* Frameworks */,
				10972AA92ACB61FA00F4563A /* Resources */,
			);
			buildRules = (
			);
			dependencies = (
			);
			name = "The Trip Consultant";
			productName = "The Trip Consultant";
			productReference = 10972AAB2ACB61FA00F4563A /* The Trip Consultant.app */;
			productType = "com.apple.product-type.application";
		};
		10972ABB2ACB61FB00F4563A /* The Trip ConsultantTests */ = {
			isa = PBXNativeTarget;
			buildConfigurationList = 10972AD32ACB61FB00F4563A /* Build configuration list for PBXNativeTarget "The Trip ConsultantTests" */;
			buildPhases = (
				10972AB82ACB61FB00F4563A /* Sources */,
				10972AB92ACB61FB00F4563A /* Frameworks */,
				10972ABA2ACB61FB00F4563A /* Resources */,
			);
			buildRules = (
			);
			dependencies = (
				10972ABE2ACB61FB00F4563A /* PBXTargetDependency */,
			);
			name = "The Trip ConsultantTests";
			productName = "The Trip ConsultantTests";
			productReference = 10972ABC2ACB61FB00F4563A /* The Trip ConsultantTests.xctest */;
			productType = "com.apple.product-type.bundle.unit-test";
		};
		10972AC52ACB61FB00F4563A /* The Trip ConsultantUITests */ = {
			isa = PBXNativeTarget;
			buildConfigurationList = 10972AD62ACB61FB00F4563A /* Build configuration list for PBXNativeTarget "The Trip ConsultantUITests" */;
			buildPhases = (
				10972AC22ACB61FB00F4563A /* Sources */,
				10972AC32ACB61FB00F4563A /* Frameworks */,
				10972AC42ACB61FB00F4563A /* Resources */,
			);
			buildRules = (
			);
			dependencies = (
				10972AC82ACB61FB00F4563A /* PBXTargetDependency */,
			);
			name = "The Trip ConsultantUITests";
			productName = "The Trip ConsultantUITests";
			productReference = 10972AC62ACB61FB00F4563A /* The Trip ConsultantUITests.xctest */;
			productType = "com.apple.product-type.bundle.ui-testing";
		};
/* End PBXNativeTarget section */

/* Begin PBXProject section */
		10972AA32ACB61FA00F4563A /* Project object */ = {
			isa = PBXProject;
			attributes = {
				BuildIndependentTargetsInParallel = 1;
				LastSwiftUpdateCheck = 1500;
				LastUpgradeCheck = 1500;
				TargetAttributes = {
					10972AAA2ACB61FA00F4563A = {
						CreatedOnToolsVersion = 15.0;
					};
					10972ABB2ACB61FB00F4563A = {
						CreatedOnToolsVersion = 15.0;
						TestTargetID = 10972AAA2ACB61FA00F4563A;
					};
					10972AC52ACB61FB00F4563A = {
						CreatedOnToolsVersion = 15.0;
						TestTargetID = 10972AAA2ACB61FA00F4563A;
					};
				};
			};
			buildConfigurationList = 10972AA62ACB61FA00F4563A /* Build configuration list for PBXProject "The Trip Consultant" */;
			compatibilityVersion = "Xcode 14.0";
			developmentRegion = en;
			hasScannedForEncodings = 0;
			knownRegions = (
				en,
				Base,
			);
			mainGroup = 10972AA22ACB61FA00F4563A;
			productRefGroup = 10972AAC2ACB61FA00F4563A /* Products */;
			projectDirPath = "";
			projectRoot = "";
			targets = (
				10972AAA2ACB61FA00F4563A /* The Trip Consultant */,
				10972ABB2ACB61FB00F4563A /* The Trip ConsultantTests */,
				10972AC52ACB61FB00F4563A /* The Trip ConsultantUITests */,
			);
		};
/* End PBXProject section */

/* Begin PBXResourcesBuildPhase section */
		10972AA92ACB61FA00F4563A /* Resources */ = {
			isa = PBXResourcesBuildPhase;
			buildActionMask = 2147483647;
			files = (
				10972AB72ACB61FB00F4563A /* Preview Assets.xcassets in Resources */,
				10972AB32ACB61FB00F4563A /* Assets.xcassets in Resources */,
			);
			runOnlyForDeploymentPostprocessing = 0;
		};
		10972ABA2ACB61FB00F4563A /* Resources */ = {
			isa = PBXResourcesBuildPhase;
			buildActionMask = 2147483647;
			files = (
			);
			runOnlyForDeploymentPostprocessing = 0;
		};
		10972AC42ACB61FB00F4563A /* Resources */ = {
			isa = PBXResourcesBuildPhase;
			buildActionMask = 2147483647;
			files = (
			);
			runOnlyForDeploymentPostprocessing = 0;
		};
/* End PBXResourcesBuildPhase section */

/* Begin PBXSourcesBuildPhase section */
		10972AA72ACB61FA00F4563A /* Sources */ = {
			isa = PBXSourcesBuildPhase;
			buildActionMask = 2147483647;
			files = (
				10972AB12ACB61FA00F4563A /* ContentView.swift in Sources */,
				10972AAF2ACB61FA00F4563A /* The_Trip_ConsultantApp.swift in Sources */,
			);
			runOnlyForDeploymentPostprocessing = 0;
		};
		10972AB82ACB61FB00F4563A /* Sources */ = {
			isa = PBXSourcesBuildPhase;
			buildActionMask = 2147483647;
			files = (
				10972AC12ACB61FB00F4563A /* The_Trip_ConsultantTests.swift in Sources */,
			);
			runOnlyForDeploymentPostprocessing = 0;
		};
		10972AC22ACB61FB00F4563A /* Sources */ = {
			isa = PBXSourcesBuildPhase;
			buildActionMask = 2147483647;
			files = (
				10972ACD2ACB61FB00F4563A /* The_Trip_ConsultantUITestsLaunchTests.swift in Sources */,
				10972ACB2ACB61FB00F4563A /* The_Trip_ConsultantUITests.swift in Sources */,
			);
			runOnlyForDeploymentPostprocessing = 0;
		};
/* End PBXSourcesBuildPhase section */

/* Begin PBXTargetDependency section */
		10972ABE2ACB61FB00F4563A /* PBXTargetDependency */ = {
			isa = PBXTargetDependency;
			target = 10972AAA2ACB61FA00F4563A /* The Trip Consultant */;
			targetProxy = 10972ABD2ACB61FB00F4563A /* PBXContainerItemProxy */;
		};
		10972AC82ACB61FB00F4563A /* PBXTargetDependency */ = {
			isa = PBXTargetDependency;
			target = 10972AAA2ACB61FA00F4563A /* The Trip Consultant */;
			targetProxy = 10972AC72ACB61FB00F4563A /* PBXContainerItemProxy */;
		};
/* End PBXTargetDependency section */

/* Begin XCBuildConfiguration section */
		10972ACE2ACB61FB00F4563A /* Debug */ = {
			isa = XCBuildConfiguration;
			buildSettings = {
				ALWAYS_SEARCH_USER_PATHS = NO;
				ASSETCATALOG_COMPILER_GENERATE_SWIFT_ASSET_SYMBOL_EXTENSIONS = YES;
				CLANG_ANALYZER_NONNULL = YES;
				CLANG_ANALYZER_NUMBER_OBJECT_CONVERSION = YES_AGGRESSIVE;
				CLANG_CXX_LANGUAGE_STANDARD = "gnu++20";
				CLANG_ENABLE_MODULES = YES;
				CLANG_ENABLE_OBJC_ARC = YES;
				CLANG_ENABLE_OBJC_WEAK = YES;
				CLANG_WARN_BLOCK_CAPTURE_AUTORELEASING = YES;
				CLANG_WARN_BOOL_CONVERSION = YES;
				CLANG_WARN_COMMA = YES;
				CLANG_WARN_CONSTANT_CONVERSION = YES;
				CLANG_WARN_DEPRECATED_OBJC_IMPLEMENTATIONS = YES;
				CLANG_WARN_DIRECT_OBJC_ISA_USAGE = YES_ERROR;
				CLANG_WARN_DOCUMENTATION_COMMENTS = YES;
				CLANG_WARN_EMPTY_BODY = YES;
				CLANG_WARN_ENUM_CONVERSION = YES;
				CLANG_WARN_INFINITE_RECURSION = YES;
				CLANG_WARN_INT_CONVERSION = YES;
				CLANG_WARN_NON_LITERAL_NULL_CONVERSION = YES;
				CLANG_WARN_OBJC_IMPLICIT_RETAIN_SELF = YES;
				CLANG_WARN_OBJC_LITERAL_CONVERSION = YES;
				CLANG_WARN_OBJC_ROOT_CLASS = YES_ERROR;
				CLANG_WARN_QUOTED_INCLUDE_IN_FRAMEWORK_HEADER = YES;
				CLANG_WARN_RANGE_LOOP_ANALYSIS = YES;
				CLANG_WARN_STRICT_PROTOTYPES = YES;
				CLANG_WARN_SUSPICIOUS_MOVE = YES;
				CLANG_WARN_UNGUARDED_AVAILABILITY = YES_AGGRESSIVE;
				CLANG_WARN_UNREACHABLE_CODE = YES;
				CLANG_WARN__DUPLICATE_METHOD_MATCH = YES;
				COPY_PHASE_STRIP = NO;
				DEBUG_INFORMATION_FORMAT = dwarf;
				ENABLE_STRICT_OBJC_MSGSEND = YES;
				ENABLE_TESTABILITY = YES;
				ENABLE_USER_SCRIPT_SANDBOXING = YES;
				GCC_C_LANGUAGE_STANDARD = gnu17;
				GCC_DYNAMIC_NO_PIC = NO;
				GCC_NO_COMMON_BLOCKS = YES;
				GCC_OPTIMIZATION_LEVEL = 0;
				GCC_PREPROCESSOR_DEFINITIONS = (
					"DEBUG=1",
					"$(inherited)",
				);
				GCC_WARN_64_TO_32_BIT_CONVERSION = YES;
				GCC_WARN_ABOUT_RETURN_TYPE = YES_ERROR;
				GCC_WARN_UNDECLARED_SELECTOR = YES;
				GCC_WARN_UNINITIALIZED_AUTOS = YES_AGGRESSIVE;
				GCC_WARN_UNUSED_FUNCTION = YES;
				GCC_WARN_UNUSED_VARIABLE = YES;
				LOCALIZATION_PREFERS_STRING_CATALOGS = YES;
				MTL_ENABLE_DEBUG_INFO = INCLUDE_SOURCE;
				MTL_FAST_MATH = YES;
				ONLY_ACTIVE_ARCH = YES;
				SWIFT_ACTIVE_COMPILATION_CONDITIONS = "DEBUG $(inherited)";
				SWIFT_OPTIMIZATION_LEVEL = "-Onone";
			};
			name = Debug;
		};
		10972ACF2ACB61FB00F4563A /* Release */ = {
			isa = XCBuildConfiguration;
			buildSettings = {
				ALWAYS_SEARCH_USER_PATHS = NO;
				ASSETCATALOG_COMPILER_GENERATE_SWIFT_ASSET_SYMBOL_EXTENSIONS = YES;
				CLANG_ANALYZER_NONNULL = YES;
				CLANG_ANALYZER_NUMBER_OBJECT_CONVERSION = YES_AGGRESSIVE;
				CLANG_CXX_LANGUAGE_STANDARD = "gnu++20";
				CLANG_ENABLE_MODULES = YES;
				CLANG_ENABLE_OBJC_ARC = YES;
				CLANG_ENABLE_OBJC_WEAK = YES;
				CLANG_WARN_BLOCK_CAPTURE_AUTORELEASING = YES;
				CLANG_WARN_BOOL_CONVERSION = YES;
				CLANG_WARN_COMMA = YES;
				CLANG_WARN_CONSTANT_CONVERSION = YES;
				CLANG_WARN_DEPRECATED_OBJC_IMPLEMENTATIONS = YES;
				CLANG_WARN_DIRECT_OBJC_ISA_USAGE = YES_ERROR;
				CLANG_WARN_DOCUMENTATION_COMMENTS = YES;
				CLANG_WARN_EMPTY_BODY = YES;
				CLANG_WARN_ENUM_CONVERSION = YES;
				CLANG_WARN_INFINITE_RECURSION = YES;
				CLANG_WARN_INT_CONVERSION = YES;
				CLANG_WARN_NON_LITERAL_NULL_CONVERSION = YES;
				CLANG_WARN_OBJC_IMPLICIT_RETAIN_SELF = YES;
				CLANG_WARN_OBJC_LITERAL_CONVERSION = YES;
				CLANG_WARN_OBJC_ROOT_CLASS = YES_ERROR;
				CLANG_WARN_QUOTED_INCLUDE_IN_FRAMEWORK_HEADER = YES;
				CLANG_WARN_RANGE_LOOP_ANALYSIS = YES;
				CLANG_WARN_STRICT_PROTOTYPES = YES;
				CLANG_WARN_SUSPICIOUS_MOVE = YES;
				CLANG_WARN_UNGUARDED_AVAILABILITY = YES_AGGRESSIVE;
				CLANG_WARN_UNREACHABLE_CODE = YES;
				CLANG_WARN__DUPLICATE_METHOD_MATCH = YES;
				COPY_PHASE_STRIP = NO;
				DEBUG_INFORMATION_FORMAT = "dwarf-with-dsym";
				ENABLE_NS_ASSERTIONS = NO;
				ENABLE_STRICT_OBJC_MSGSEND = YES;
				ENABLE_USER_SCRIPT_SANDBOXING = YES;
				GCC_C_LANGUAGE_STANDARD = gnu17;
				GCC_NO_COMMON_BLOCKS = YES;
				GCC_WARN_64_TO_32_BIT_CONVERSION = YES;
				GCC_WARN_ABOUT_RETURN_TYPE = YES_ERROR;
				GCC_WARN_UNDECLARED_SELECTOR = YES;
				GCC_WARN_UNINITIALIZED_AUTOS = YES_AGGRESSIVE;
				GCC_WARN_UNUSED_FUNCTION = YES;
				GCC_WARN_UNUSED_VARIABLE = YES;
				LOCALIZATION_PREFERS_STRING_CATALOGS = YES;
				MTL_ENABLE_DEBUG_INFO = NO;
				MTL_FAST_MATH = YES;
				SWIFT_COMPILATION_MODE = wholemodule;
			};
			name = Release;
		};
		10972AD12ACB61FB00F4563A /* Debug */ = {
			isa = XCBuildConfiguration;
			buildSettings = {
				ASSETCATALOG_COMPILER_APPICON_NAME = AppIcon;
				ASSETCATALOG_COMPILER_GLOBAL_ACCENT_COLOR_NAME = AccentColor;
				CODE_SIGN_ENTITLEMENTS = "The Trip Consultant/The_Trip_Consultant.entitlements";
				CODE_SIGN_STYLE = Automatic;
				CURRENT_PROJECT_VERSION = 1;
				DEVELOPMENT_ASSET_PATHS = "\"The Trip Consultant/Preview Content\"";
				DEVELOPMENT_TEAM = 7G86QRLVBQ;
				ENABLE_HARDENED_RUNTIME = YES;
				ENABLE_PREVIEWS = YES;
				GENERATE_INFOPLIST_FILE = YES;
				"INFOPLIST_KEY_UIApplicationSceneManifest_Generation[sdk=iphoneos*]" = YES;
				"INFOPLIST_KEY_UIApplicationSceneManifest_Generation[sdk=iphonesimulator*]" = YES;
				"INFOPLIST_KEY_UIApplicationSupportsIndirectInputEvents[sdk=iphoneos*]" = YES;
				"INFOPLIST_KEY_UIApplicationSupportsIndirectInputEvents[sdk=iphonesimulator*]" = YES;
				"INFOPLIST_KEY_UILaunchScreen_Generation[sdk=iphoneos*]" = YES;
				"INFOPLIST_KEY_UILaunchScreen_Generation[sdk=iphonesimulator*]" = YES;
				"INFOPLIST_KEY_UIStatusBarStyle[sdk=iphoneos*]" = UIStatusBarStyleDefault;
				"INFOPLIST_KEY_UIStatusBarStyle[sdk=iphonesimulator*]" = UIStatusBarStyleDefault;
				INFOPLIST_KEY_UISupportedInterfaceOrientations_iPad = "UIInterfaceOrientationPortrait UIInterfaceOrientationPortraitUpsideDown UIInterfaceOrientationLandscapeLeft UIInterfaceOrientationLandscapeRight";
				INFOPLIST_KEY_UISupportedInterfaceOrientations_iPhone = "UIInterfaceOrientationPortrait UIInterfaceOrientationLandscapeLeft UIInterfaceOrientationLandscapeRight";
				IPHONEOS_DEPLOYMENT_TARGET = 17.0;
				LD_RUNPATH_SEARCH_PATHS = "@executable_path/Frameworks";
				"LD_RUNPATH_SEARCH_PATHS[sdk=macosx*]" = "@executable_path/../Frameworks";
				MACOSX_DEPLOYMENT_TARGET = 14.0;
				MARKETING_VERSION = 1.0;
				PRODUCT_BUNDLE_IDENTIFIER = "com.criticalobjects.The-Trip-Consultant";
				PRODUCT_NAME = "$(TARGET_NAME)";
				SDKROOT = auto;
				SUPPORTED_PLATFORMS = "iphoneos iphonesimulator macosx";
				SWIFT_EMIT_LOC_STRINGS = YES;
				SWIFT_VERSION = 5.0;
				TARGETED_DEVICE_FAMILY = "1,2";
			};
			name = Debug;
		};
		10972AD22ACB61FB00F4563A /* Release */ = {
			isa = XCBuildConfiguration;
			buildSettings = {
				ASSETCATALOG_COMPILER_APPICON_NAME = AppIcon;
				ASSETCATALOG_COMPILER_GLOBAL_ACCENT_COLOR_NAME = AccentColor;
				CODE_SIGN_ENTITLEMENTS = "The Trip Consultant/The_Trip_Consultant.entitlements";
				CODE_SIGN_STYLE = Automatic;
				CURRENT_PROJECT_VERSION = 1;
				DEVELOPMENT_ASSET_PATHS = "\"The Trip Consultant/Preview Content\"";
				DEVELOPMENT_TEAM = 7G86QRLVBQ;
				ENABLE_HARDENED_RUNTIME = YES;
				ENABLE_PREVIEWS = YES;
				GENERATE_INFOPLIST_FILE = YES;
				"INFOPLIST_KEY_UIApplicationSceneManifest_Generation[sdk=iphoneos*]" = YES;
				"INFOPLIST_KEY_UIApplicationSceneManifest_Generation[sdk=iphonesimulator*]" = YES;
				"INFOPLIST_KEY_UIApplicationSupportsIndirectInputEvents[sdk=iphoneos*]" = YES;
				"INFOPLIST_KEY_UIApplicationSupportsIndirectInputEvents[sdk=iphonesimulator*]" = YES;
				"INFOPLIST_KEY_UILaunchScreen_Generation[sdk=iphoneos*]" = YES;
				"INFOPLIST_KEY_UILaunchScreen_Generation[sdk=iphonesimulator*]" = YES;
				"INFOPLIST_KEY_UIStatusBarStyle[sdk=iphoneos*]" = UIStatusBarStyleDefault;
				"INFOPLIST_KEY_UIStatusBarStyle[sdk=iphonesimulator*]" = UIStatusBarStyleDefault;
				INFOPLIST_KEY_UISupportedInterfaceOrientations_iPad = "UIInterfaceOrientationPortrait UIInterfaceOrientationPortraitUpsideDown UIInterfaceOrientationLandscapeLeft UIInterfaceOrientationLandscapeRight";
				INFOPLIST_KEY_UISupportedInterfaceOrientations_iPhone = "UIInterfaceOrientationPortrait UIInterfaceOrientationLandscapeLeft UIInterfaceOrientationLandscapeRight";
				IPHONEOS_DEPLOYMENT_TARGET = 17.0;
				LD_RUNPATH_SEARCH_PATHS = "@executable_path/Frameworks";
				"LD_RUNPATH_SEARCH_PATHS[sdk=macosx*]" = "@executable_path/../Frameworks";
				MACOSX_DEPLOYMENT_TARGET = 14.0;
				MARKETING_VERSION = 1.0;
				PRODUCT_BUNDLE_IDENTIFIER = "com.criticalobjects.The-Trip-Consultant";
				PRODUCT_NAME = "$(TARGET_NAME)";
				SDKROOT = auto;
				SUPPORTED_PLATFORMS = "iphoneos iphonesimulator macosx";
				SWIFT_EMIT_LOC_STRINGS = YES;
				SWIFT_VERSION = 5.0;
				TARGETED_DEVICE_FAMILY = "1,2";
			};
			name = Release;
		};
		10972AD42ACB61FB00F4563A /* Debug */ = {
			isa = XCBuildConfiguration;
			buildSettings = {
				ALWAYS_EMBED_SWIFT_STANDARD_LIBRARIES = YES;
				BUNDLE_LOADER = "$(TEST_HOST)";
				CODE_SIGN_STYLE = Automatic;
				CURRENT_PROJECT_VERSION = 1;
				DEVELOPMENT_TEAM = 7G86QRLVBQ;
				GENERATE_INFOPLIST_FILE = YES;
				IPHONEOS_DEPLOYMENT_TARGET = 17.0;
				MACOSX_DEPLOYMENT_TARGET = 14.0;
				MARKETING_VERSION = 1.0;
				PRODUCT_BUNDLE_IDENTIFIER = "com.criticalobjects.The-Trip-ConsultantTests";
				PRODUCT_NAME = "$(TARGET_NAME)";
				SDKROOT = auto;
				SUPPORTED_PLATFORMS = "iphoneos iphonesimulator macosx";
				SWIFT_EMIT_LOC_STRINGS = NO;
				SWIFT_VERSION = 5.0;
				TARGETED_DEVICE_FAMILY = "1,2";
				TEST_HOST = "$(BUILT_PRODUCTS_DIR)/The Trip Consultant.app/$(BUNDLE_EXECUTABLE_FOLDER_PATH)/The Trip Consultant";
			};
			name = Debug;
		};
		10972AD52ACB61FB00F4563A /* Release */ = {
			isa = XCBuildConfiguration;
			buildSettings = {
				ALWAYS_EMBED_SWIFT_STANDARD_LIBRARIES = YES;
				BUNDLE_LOADER = "$(TEST_HOST)";
				CODE_SIGN_STYLE = Automatic;
				CURRENT_PROJECT_VERSION = 1;
				DEVELOPMENT_TEAM = 7G86QRLVBQ;
				GENERATE_INFOPLIST_FILE = YES;
				IPHONEOS_DEPLOYMENT_TARGET = 17.0;
				MACOSX_DEPLOYMENT_TARGET = 14.0;
				MARKETING_VERSION = 1.0;
				PRODUCT_BUNDLE_IDENTIFIER = "com.criticalobjects.The-Trip-ConsultantTests";
				PRODUCT_NAME = "$(TARGET_NAME)";
				SDKROOT = auto;
				SUPPORTED_PLATFORMS = "iphoneos iphonesimulator macosx";
				SWIFT_EMIT_LOC_STRINGS = NO;
				SWIFT_VERSION = 5.0;
				TARGETED_DEVICE_FAMILY = "1,2";
				TEST_HOST = "$(BUILT_PRODUCTS_DIR)/The Trip Consultant.app/$(BUNDLE_EXECUTABLE_FOLDER_PATH)/The Trip Consultant";
			};
			name = Release;
		};
		10972AD72ACB61FB00F4563A /* Debug */ = {
			isa = XCBuildConfiguration;
			buildSettings = {
				ALWAYS_EMBED_SWIFT_STANDARD_LIBRARIES = YES;
				CODE_SIGN_STYLE = Automatic;
				CURRENT_PROJECT_VERSION = 1;
				DEVELOPMENT_TEAM = 7G86QRLVBQ;
				GENERATE_INFOPLIST_FILE = YES;
				IPHONEOS_DEPLOYMENT_TARGET = 17.0;
				MACOSX_DEPLOYMENT_TARGET = 14.0;
				MARKETING_VERSION = 1.0;
				PRODUCT_BUNDLE_IDENTIFIER = "com.criticalobjects.The-Trip-ConsultantUITests";
				PRODUCT_NAME = "$(TARGET_NAME)";
				SDKROOT = auto;
				SUPPORTED_PLATFORMS = "iphoneos iphonesimulator macosx";
				SWIFT_EMIT_LOC_STRINGS = NO;
				SWIFT_VERSION = 5.0;
				TARGETED_DEVICE_FAMILY = "1,2";
				TEST_TARGET_NAME = "The Trip Consultant";
			};
			name = Debug;
		};
		10972AD82ACB61FB00F4563A /* Release */ = {
			isa = XCBuildConfiguration;
			buildSettings = {
				ALWAYS_EMBED_SWIFT_STANDARD_LIBRARIES = YES;
				CODE_SIGN_STYLE = Automatic;
				CURRENT_PROJECT_VERSION = 1;
				DEVELOPMENT_TEAM = 7G86QRLVBQ;
				GENERATE_INFOPLIST_FILE = YES;
				IPHONEOS_DEPLOYMENT_TARGET = 17.0;
				MACOSX_DEPLOYMENT_TARGET = 14.0;
				MARKETING_VERSION = 1.0;
				PRODUCT_BUNDLE_IDENTIFIER = "com.criticalobjects.The-Trip-ConsultantUITests";
				PRODUCT_NAME = "$(TARGET_NAME)";
				SDKROOT = auto;
				SUPPORTED_PLATFORMS = "iphoneos iphonesimulator macosx";
				SWIFT_EMIT_LOC_STRINGS = NO;
				SWIFT_VERSION = 5.0;
				TARGETED_DEVICE_FAMILY = "1,2";
				TEST_TARGET_NAME = "The Trip Consultant";
			};
			name = Release;
		};
/* End XCBuildConfiguration section */

/* Begin XCConfigurationList section */
		10972AA62ACB61FA00F4563A /* Build configuration list for PBXProject "The Trip Consultant" */ = {
			isa = XCConfigurationList;
			buildConfigurations = (
				10972ACE2ACB61FB00F4563A /* Debug */,
				10972ACF2ACB61FB00F4563A /* Release */,
			);
			defaultConfigurationIsVisible = 0;
			defaultConfigurationName = Release;
		};
		10972AD02ACB61FB00F4563A /* Build configuration list for PBXNativeTarget "The Trip Consultant" */ = {
			isa = XCConfigurationList;
			buildConfigurations = (
				10972AD12ACB61FB00F4563A /* Debug */,
				10972AD22ACB61FB00F4563A /* Release */,
			);
			defaultConfigurationIsVisible = 0;
			defaultConfigurationName = Release;
		};
		10972AD32ACB61FB00F4563A /* Build configuration list for PBXNativeTarget "The Trip ConsultantTests" */ = {
			isa = XCConfigurationList;
			buildConfigurations = (
				10972AD42ACB61FB00F4563A /* Debug */,
				10972AD52ACB61FB00F4563A /* Release */,
			);
			defaultConfigurationIsVisible = 0;
			defaultConfigurationName = Release;
		};
		10972AD62ACB61FB00F4563A /* Build configuration list for PBXNativeTarget "The Trip ConsultantUITests" */ = {
			isa = XCConfigurationList;
			buildConfigurations = (
				10972AD72ACB61FB00F4563A /* Debug */,
				10972AD82ACB61FB00F4563A /* Release */,
			);
			defaultConfigurationIsVisible = 0;
			defaultConfigurationName = Release;
		};
/* End XCConfigurationList section */
	};
	rootObject = 10972AA32ACB61FA00F4563A /* Project object */;
}
